// !$*UTF8*$!
{
	archiveVersion = 1;
	classes = {
	};
	objectVersion = 46;
	objects = {

/* Begin PBXBuildFile section */
		376766F0191732F30082857E /* Foundation.framework in Frameworks */ = {isa = PBXBuildFile; fileRef = 376766EF191732F30082857E /* Foundation.framework */; };
		376766F2191732F30082857E /* CoreGraphics.framework in Frameworks */ = {isa = PBXBuildFile; fileRef = 376766F1191732F30082857E /* CoreGraphics.framework */; };
		376766F4191732F30082857E /* UIKit.framework in Frameworks */ = {isa = PBXBuildFile; fileRef = 376766F3191732F30082857E /* UIKit.framework */; };
		376766FA191732F30082857E /* InfoPlist.strings in Resources */ = {isa = PBXBuildFile; fileRef = 376766F8191732F30082857E /* InfoPlist.strings */; };
		376766FC191732F30082857E /* main.m in Sources */ = {isa = PBXBuildFile; fileRef = 376766FB191732F30082857E /* main.m */; };
		37676700191732F30082857E /* AppDelegate.m in Sources */ = {isa = PBXBuildFile; fileRef = 376766FF191732F30082857E /* AppDelegate.m */; };
		37676703191732F30082857E /* Main_iPhone.storyboard in Resources */ = {isa = PBXBuildFile; fileRef = 37676701191732F30082857E /* Main_iPhone.storyboard */; };
		37676706191732F30082857E /* Main_iPad.storyboard in Resources */ = {isa = PBXBuildFile; fileRef = 37676704191732F30082857E /* Main_iPad.storyboard */; };
		3767670B191732F30082857E /* Images.xcassets in Resources */ = {isa = PBXBuildFile; fileRef = 3767670A191732F30082857E /* Images.xcassets */; };
		37676712191732F30082857E /* XCTest.framework in Frameworks */ = {isa = PBXBuildFile; fileRef = 37676711191732F30082857E /* XCTest.framework */; };
		37676713191732F30082857E /* Foundation.framework in Frameworks */ = {isa = PBXBuildFile; fileRef = 376766EF191732F30082857E /* Foundation.framework */; };
		37676714191732F30082857E /* UIKit.framework in Frameworks */ = {isa = PBXBuildFile; fileRef = 376766F3191732F30082857E /* UIKit.framework */; };
		3767671C191732F30082857E /* InfoPlist.strings in Resources */ = {isa = PBXBuildFile; fileRef = 3767671A191732F30082857E /* InfoPlist.strings */; };
		3767671E191732F30082857E /* Spring_2014_PerformancePaintingTests.m in Sources */ = {isa = PBXBuildFile; fileRef = 3767671D191732F30082857E /* Spring_2014_PerformancePaintingTests.m */; };
		3767673A191761C40082857E /* PaintView.m in Sources */ = {isa = PBXBuildFile; fileRef = 37676737191761C40082857E /* PaintView.m */; };
		3767673B191761C40082857E /* ViewController.m in Sources */ = {isa = PBXBuildFile; fileRef = 37676739191761C40082857E /* ViewController.m */; };
/* End PBXBuildFile section */

/* Begin PBXContainerItemProxy section */
		37676715191732F30082857E /* PBXContainerItemProxy */ = {
			isa = PBXContainerItemProxy;
			containerPortal = 376766E4191732F30082857E /* Project object */;
			proxyType = 1;
			remoteGlobalIDString = 376766EB191732F30082857E;
			remoteInfo = "Spring-2014-PerformancePainting";
		};
/* End PBXContainerItemProxy section */

/* Begin PBXFileReference section */
		376766EC191732F30082857E /* Spring-2014-PerformancePainting.app */ = {isa = PBXFileReference; explicitFileType = wrapper.application; includeInIndex = 0; path = "Spring-2014-PerformancePainting.app"; sourceTree = BUILT_PRODUCTS_DIR; };
		376766EF191732F30082857E /* Foundation.framework */ = {isa = PBXFileReference; lastKnownFileType = wrapper.framework; name = Foundation.framework; path = System/Library/Frameworks/Foundation.framework; sourceTree = SDKROOT; };
		376766F1191732F30082857E /* CoreGraphics.framework */ = {isa = PBXFileReference; lastKnownFileType = wrapper.framework; name = CoreGraphics.framework; path = System/Library/Frameworks/CoreGraphics.framework; sourceTree = SDKROOT; };
		376766F3191732F30082857E /* UIKit.framework */ = {isa = PBXFileReference; lastKnownFileType = wrapper.framework; name = UIKit.framework; path = System/Library/Frameworks/UIKit.framework; sourceTree = SDKROOT; };
		376766F7191732F30082857E /* Spring-2014-PerformancePainting-Info.plist */ = {isa = PBXFileReference; lastKnownFileType = text.plist.xml; path = "Spring-2014-PerformancePainting-Info.plist"; sourceTree = "<group>"; };
		376766F9191732F30082857E /* en */ = {isa = PBXFileReference; lastKnownFileType = text.plist.strings; name = en; path = en.lproj/InfoPlist.strings; sourceTree = "<group>"; };
		376766FB191732F30082857E /* main.m */ = {isa = PBXFileReference; lastKnownFileType = sourcecode.c.objc; path = main.m; sourceTree = "<group>"; };
		376766FD191732F30082857E /* Spring-2014-PerformancePainting-Prefix.pch */ = {isa = PBXFileReference; lastKnownFileType = sourcecode.c.h; path = "Spring-2014-PerformancePainting-Prefix.pch"; sourceTree = "<group>"; };
		376766FE191732F30082857E /* AppDelegate.h */ = {isa = PBXFileReference; lastKnownFileType = sourcecode.c.h; path = AppDelegate.h; sourceTree = "<group>"; };
		376766FF191732F30082857E /* AppDelegate.m */ = {isa = PBXFileReference; lastKnownFileType = sourcecode.c.objc; path = AppDelegate.m; sourceTree = "<group>"; };
		37676702191732F30082857E /* Base */ = {isa = PBXFileReference; lastKnownFileType = file.storyboard; name = Base; path = Base.lproj/Main_iPhone.storyboard; sourceTree = "<group>"; };
		37676705191732F30082857E /* Base */ = {isa = PBXFileReference; lastKnownFileType = file.storyboard; name = Base; path = Base.lproj/Main_iPad.storyboard; sourceTree = "<group>"; };
		3767670A191732F30082857E /* Images.xcassets */ = {isa = PBXFileReference; lastKnownFileType = folder.assetcatalog; path = Images.xcassets; sourceTree = "<group>"; };
		37676710191732F30082857E /* Spring-2014-PerformancePaintingTests.xctest */ = {isa = PBXFileReference; explicitFileType = wrapper.cfbundle; includeInIndex = 0; path = "Spring-2014-PerformancePaintingTests.xctest"; sourceTree = BUILT_PRODUCTS_DIR; };
		37676711191732F30082857E /* XCTest.framework */ = {isa = PBXFileReference; lastKnownFileType = wrapper.framework; name = XCTest.framework; path = Library/Frameworks/XCTest.framework; sourceTree = DEVELOPER_DIR; };
		37676719191732F30082857E /* Spring-2014-PerformancePaintingTests-Info.plist */ = {isa = PBXFileReference; lastKnownFileType = text.plist.xml; path = "Spring-2014-PerformancePaintingTests-Info.plist"; sourceTree = "<group>"; };
		3767671B191732F30082857E /* en */ = {isa = PBXFileReference; lastKnownFileType = text.plist.strings; name = en; path = en.lproj/InfoPlist.strings; sourceTree = "<group>"; };
		3767671D191732F30082857E /* Spring_2014_PerformancePaintingTests.m */ = {isa = PBXFileReference; lastKnownFileType = sourcecode.c.objc; path = Spring_2014_PerformancePaintingTests.m; sourceTree = "<group>"; };
		37676736191761C40082857E /* PaintView.h */ = {isa = PBXFileReference; fileEncoding = 4; lastKnownFileType = sourcecode.c.h; path = PaintView.h; sourceTree = "<group>"; };
		37676737191761C40082857E /* PaintView.m */ = {isa = PBXFileReference; fileEncoding = 4; lastKnownFileType = sourcecode.c.objc; path = PaintView.m; sourceTree = "<group>"; };
		37676738191761C40082857E /* ViewController.h */ = {isa = PBXFileReference; fileEncoding = 4; lastKnownFileType = sourcecode.c.h; path = ViewController.h; sourceTree = "<group>"; };
		37676739191761C40082857E /* ViewController.m */ = {isa = PBXFileReference; fileEncoding = 4; lastKnownFileType = sourcecode.c.objc; path = ViewController.m; sourceTree = "<group>"; };
/* End PBXFileReference section */

/* Begin PBXFrameworksBuildPhase section */
		376766E9191732F30082857E /* Frameworks */ = {
			isa = PBXFrameworksBuildPhase;
			buildActionMask = 2147483647;
			files = (
				376766F2191732F30082857E /* CoreGraphics.framework in Frameworks */,
				376766F4191732F30082857E /* UIKit.framework in Frameworks */,
				376766F0191732F30082857E /* Foundation.framework in Frameworks */,
			);
			runOnlyForDeploymentPostprocessing = 0;
		};
		3767670D191732F30082857E /* Frameworks */ = {
			isa = PBXFrameworksBuildPhase;
			buildActionMask = 2147483647;
			files = (
				37676712191732F30082857E /* XCTest.framework in Frameworks */,
				37676714191732F30082857E /* UIKit.framework in Frameworks */,
				37676713191732F30082857E /* Foundation.framework in Frameworks */,
			);
			runOnlyForDeploymentPostprocessing = 0;
		};
/* End PBXFrameworksBuildPhase section */

/* Begin PBXGroup section */
		376766E3191732F30082857E = {
			isa = PBXGroup;
			children = (
				376766F5191732F30082857E /* Spring-2014-PerformancePainting */,
				37676717191732F30082857E /* Spring-2014-PerformancePaintingTests */,
				376766EE191732F30082857E /* Frameworks */,
				376766ED191732F30082857E /* Products */,
			);
			sourceTree = "<group>";
		};
		376766ED191732F30082857E /* Products */ = {
			isa = PBXGroup;
			children = (
				376766EC191732F30082857E /* Spring-2014-PerformancePainting.app */,
				37676710191732F30082857E /* Spring-2014-PerformancePaintingTests.xctest */,
			);
			name = Products;
			sourceTree = "<group>";
		};
		376766EE191732F30082857E /* Frameworks */ = {
			isa = PBXGroup;
			children = (
				376766EF191732F30082857E /* Foundation.framework */,
				376766F1191732F30082857E /* CoreGraphics.framework */,
				376766F3191732F30082857E /* UIKit.framework */,
				37676711191732F30082857E /* XCTest.framework */,
			);
			name = Frameworks;
			sourceTree = "<group>";
		};
		376766F5191732F30082857E /* Spring-2014-PerformancePainting */ = {
			isa = PBXGroup;
			children = (
				37676736191761C40082857E /* PaintView.h */,
				37676737191761C40082857E /* PaintView.m */,
				37676738191761C40082857E /* ViewController.h */,
				37676739191761C40082857E /* ViewController.m */,
				376766FE191732F30082857E /* AppDelegate.h */,
				376766FF191732F30082857E /* AppDelegate.m */,
				376766F6191732F30082857E /* Supporting Files */,
			);
			path = "Spring-2014-PerformancePainting";
			sourceTree = "<group>";
		};
		376766F6191732F30082857E /* Supporting Files */ = {
			isa = PBXGroup;
			children = (
				3767670A191732F30082857E /* Images.xcassets */,
				37676701191732F30082857E /* Main_iPhone.storyboard */,
				37676704191732F30082857E /* Main_iPad.storyboard */,
				376766F7191732F30082857E /* Spring-2014-PerformancePainting-Info.plist */,
				376766F8191732F30082857E /* InfoPlist.strings */,
				376766FB191732F30082857E /* main.m */,
				376766FD191732F30082857E /* Spring-2014-PerformancePainting-Prefix.pch */,
			);
			name = "Supporting Files";
			sourceTree = "<group>";
		};
		37676717191732F30082857E /* Spring-2014-PerformancePaintingTests */ = {
			isa = PBXGroup;
			children = (
				3767671D191732F30082857E /* Spring_2014_PerformancePaintingTests.m */,
				37676718191732F30082857E /* Supporting Files */,
			);
			path = "Spring-2014-PerformancePaintingTests";
			sourceTree = "<group>";
		};
		37676718191732F30082857E /* Supporting Files */ = {
			isa = PBXGroup;
			children = (
				37676719191732F30082857E /* Spring-2014-PerformancePaintingTests-Info.plist */,
				3767671A191732F30082857E /* InfoPlist.strings */,
			);
			name = "Supporting Files";
			sourceTree = "<group>";
		};
/* End PBXGroup section */

/* Begin PBXNativeTarget section */
		376766EB191732F30082857E /* Spring-2014-PerformancePainting */ = {
			isa = PBXNativeTarget;
			buildConfigurationList = 37676721191732F30082857E /* Build configuration list for PBXNativeTarget "Spring-2014-PerformancePainting" */;
			buildPhases = (
				376766E8191732F30082857E /* Sources */,
				376766E9191732F30082857E /* Frameworks */,
				376766EA191732F30082857E /* Resources */,
			);
			buildRules = (
			);
			dependencies = (
			);
			name = "Spring-2014-PerformancePainting";
			productName = "Spring-2014-PerformancePainting";
			productReference = 376766EC191732F30082857E /* Spring-2014-PerformancePainting.app */;
			productType = "com.apple.product-type.application";
		};
		3767670F191732F30082857E /* Spring-2014-PerformancePaintingTests */ = {
			isa = PBXNativeTarget;
			buildConfigurationList = 37676724191732F30082857E /* Build configuration list for PBXNativeTarget "Spring-2014-PerformancePaintingTests" */;
			buildPhases = (
				3767670C191732F30082857E /* Sources */,
				3767670D191732F30082857E /* Frameworks */,
				3767670E191732F30082857E /* Resources */,
			);
			buildRules = (
			);
			dependencies = (
				37676716191732F30082857E /* PBXTargetDependency */,
			);
			name = "Spring-2014-PerformancePaintingTests";
			productName = "Spring-2014-PerformancePaintingTests";
			productReference = 37676710191732F30082857E /* Spring-2014-PerformancePaintingTests.xctest */;
			productType = "com.apple.product-type.bundle.unit-test";
		};
/* End PBXNativeTarget section */

/* Begin PBXProject section */
		376766E4191732F30082857E /* Project object */ = {
			isa = PBXProject;
			attributes = {
				LastUpgradeCheck = 0510;
				ORGANIZATIONNAME = "The University of Chicago, Department of Computer Science";
				TargetAttributes = {
					3767670F191732F30082857E = {
						TestTargetID = 376766EB191732F30082857E;
					};
				};
			};
			buildConfigurationList = 376766E7191732F30082857E /* Build configuration list for PBXProject "Spring-2014-PerformancePainting" */;
			compatibilityVersion = "Xcode 3.2";
			developmentRegion = English;
			hasScannedForEncodings = 0;
			knownRegions = (
				en,
				Base,
			);
			mainGroup = 376766E3191732F30082857E;
			productRefGroup = 376766ED191732F30082857E /* Products */;
			projectDirPath = "";
			projectRoot = "";
			targets = (
				376766EB191732F30082857E /* Spring-2014-PerformancePainting */,
				3767670F191732F30082857E /* Spring-2014-PerformancePaintingTests */,
			);
		};
/* End PBXProject section */

/* Begin PBXResourcesBuildPhase section */
		376766EA191732F30082857E /* Resources */ = {
			isa = PBXResourcesBuildPhase;
			buildActionMask = 2147483647;
			files = (
				37676706191732F30082857E /* Main_iPad.storyboard in Resources */,
				3767670B191732F30082857E /* Images.xcassets in Resources */,
				37676703191732F30082857E /* Main_iPhone.storyboard in Resources */,
				376766FA191732F30082857E /* InfoPlist.strings in Resources */,
			);
			runOnlyForDeploymentPostprocessing = 0;
		};
		3767670E191732F30082857E /* Resources */ = {
			isa = PBXResourcesBuildPhase;
			buildActionMask = 2147483647;
			files = (
				3767671C191732F30082857E /* InfoPlist.strings in Resources */,
			);
			runOnlyForDeploymentPostprocessing = 0;
		};
/* End PBXResourcesBuildPhase section */

/* Begin PBXSourcesBuildPhase section */
		376766E8191732F30082857E /* Sources */ = {
			isa = PBXSourcesBuildPhase;
			buildActionMask = 2147483647;
			files = (
				37676700191732F30082857E /* AppDelegate.m in Sources */,
				376766FC191732F30082857E /* main.m in Sources */,
				3767673B191761C40082857E /* ViewController.m in Sources */,
				3767673A191761C40082857E /* PaintView.m in Sources */,
			);
			runOnlyForDeploymentPostprocessing = 0;
		};
		3767670C191732F30082857E /* Sources */ = {
			isa = PBXSourcesBuildPhase;
			buildActionMask = 2147483647;
			files = (
				3767671E191732F30082857E /* Spring_2014_PerformancePaintingTests.m in Sources */,
			);
			runOnlyForDeploymentPostprocessing = 0;
		};
/* End PBXSourcesBuildPhase section */

/* Begin PBXTargetDependency section */
		37676716191732F30082857E /* PBXTargetDependency */ = {
			isa = PBXTargetDependency;
			target = 376766EB191732F30082857E /* Spring-2014-PerformancePainting */;
			targetProxy = 37676715191732F30082857E /* PBXContainerItemProxy */;
		};
/* End PBXTargetDependency section */

/* Begin PBXVariantGroup section */
		376766F8191732F30082857E /* InfoPlist.strings */ = {
			isa = PBXVariantGroup;
			children = (
				376766F9191732F30082857E /* en */,
			);
			name = InfoPlist.strings;
			sourceTree = "<group>";
		};
		37676701191732F30082857E /* Main_iPhone.storyboard */ = {
			isa = PBXVariantGroup;
			children = (
				37676702191732F30082857E /* Base */,
			);
			name = Main_iPhone.storyboard;
			sourceTree = "<group>";
		};
		37676704191732F30082857E /* Main_iPad.storyboard */ = {
			isa = PBXVariantGroup;
			children = (
				37676705191732F30082857E /* Base */,
			);
			name = Main_iPad.storyboard;
			sourceTree = "<group>";
		};
		3767671A191732F30082857E /* InfoPlist.strings */ = {
			isa = PBXVariantGroup;
			children = (
				3767671B191732F30082857E /* en */,
			);
			name = InfoPlist.strings;
			sourceTree = "<group>";
		};
/* End PBXVariantGroup section */

/* Begin XCBuildConfiguration section */
		3767671F191732F30082857E /* Debug */ = {
			isa = XCBuildConfiguration;
			buildSettings = {
				ALWAYS_SEARCH_USER_PATHS = NO;
				CLANG_CXX_LANGUAGE_STANDARD = "gnu++0x";
				CLANG_CXX_LIBRARY = "libc++";
				CLANG_ENABLE_MODULES = YES;
				CLANG_ENABLE_OBJC_ARC = YES;
				CLANG_WARN_BOOL_CONVERSION = YES;
				CLANG_WARN_CONSTANT_CONVERSION = YES;
				CLANG_WARN_DIRECT_OBJC_ISA_USAGE = YES_ERROR;
				CLANG_WARN_EMPTY_BODY = YES;
				CLANG_WARN_ENUM_CONVERSION = YES;
				CLANG_WARN_INT_CONVERSION = YES;
				CLANG_WARN_OBJC_ROOT_CLASS = YES_ERROR;
				CLANG_WARN__DUPLICATE_METHOD_MATCH = YES;
				"CODE_SIGN_IDENTITY[sdk=iphoneos*]" = "iPhone Developer";
				COPY_PHASE_STRIP = NO;
				GCC_C_LANGUAGE_STANDARD = gnu99;
				GCC_DYNAMIC_NO_PIC = NO;
				GCC_OPTIMIZATION_LEVEL = 0;
				GCC_PREPROCESSOR_DEFINITIONS = (
					"DEBUG=1",
					"$(inherited)",
				);
				GCC_SYMBOLS_PRIVATE_EXTERN = NO;
				GCC_WARN_64_TO_32_BIT_CONVERSION = YES;
				GCC_WARN_ABOUT_RETURN_TYPE = YES_ERROR;
				GCC_WARN_UNDECLARED_SELECTOR = YES;
				GCC_WARN_UNINITIALIZED_AUTOS = YES_AGGRESSIVE;
				GCC_WARN_UNUSED_FUNCTION = YES;
				GCC_WARN_UNUSED_VARIABLE = YES;
				IPHONEOS_DEPLOYMENT_TARGET = 7.1;
				ONLY_ACTIVE_ARCH = YES;
				SDKROOT = iphoneos;
				TARGETED_DEVICE_FAMILY = "1,2";
			};
			name = Debug;
		};
		37676720191732F30082857E /* Release */ = {
			isa = XCBuildConfiguration;
			buildSettings = {
				ALWAYS_SEARCH_USER_PATHS = NO;
				CLANG_CXX_LANGUAGE_STANDARD = "gnu++0x";
				CLANG_CXX_LIBRARY = "libc++";
				CLANG_ENABLE_MODULES = YES;
				CLANG_ENABLE_OBJC_ARC = YES;
				CLANG_WARN_BOOL_CONVERSION = YES;
				CLANG_WARN_CONSTANT_CONVERSION = YES;
				CLANG_WARN_DIRECT_OBJC_ISA_USAGE = YES_ERROR;
				CLANG_WARN_EMPTY_BODY = YES;
				CLANG_WARN_ENUM_CONVERSION = YES;
				CLANG_WARN_INT_CONVERSION = YES;
				CLANG_WARN_OBJC_ROOT_CLASS = YES_ERROR;
				CLANG_WARN__DUPLICATE_METHOD_MATCH = YES;
				"CODE_SIGN_IDENTITY[sdk=iphoneos*]" = "iPhone Developer";
				COPY_PHASE_STRIP = YES;
				ENABLE_NS_ASSERTIONS = NO;
				GCC_C_LANGUAGE_STANDARD = gnu99;
				GCC_WARN_64_TO_32_BIT_CONVERSION = YES;
				GCC_WARN_ABOUT_RETURN_TYPE = YES_ERROR;
				GCC_WARN_UNDECLARED_SELECTOR = YES;
				GCC_WARN_UNINITIALIZED_AUTOS = YES_AGGRESSIVE;
				GCC_WARN_UNUSED_FUNCTION = YES;
				GCC_WARN_UNUSED_VARIABLE = YES;
				IPHONEOS_DEPLOYMENT_TARGET = 7.1;
				SDKROOT = iphoneos;
				TARGETED_DEVICE_FAMILY = "1,2";
				VALIDATE_PRODUCT = YES;
			};
			name = Release;
		};
		37676722191732F30082857E /* Debug */ = {
			isa = XCBuildConfiguration;
			buildSettings = {
				ASSETCATALOG_COMPILER_APPICON_NAME = AppIcon;
				ASSETCATALOG_COMPILER_LAUNCHIMAGE_NAME = LaunchImage;
				GCC_PRECOMPILE_PREFIX_HEADER = YES;
				GCC_PREFIX_HEADER = "Spring-2014-PerformancePainting/Spring-2014-PerformancePainting-Prefix.pch";
				INFOPLIST_FILE = "Spring-2014-PerformancePainting/Spring-2014-PerformancePainting-Info.plist";
				PRODUCT_NAME = "$(TARGET_NAME)";
				WRAPPER_EXTENSION = app;
			};
			name = Debug;
		};
		37676723191732F30082857E /* Release */ = {
			isa = XCBuildConfiguration;
			buildSettings = {
				ASSETCATALOG_COMPILER_APPICON_NAME = AppIcon;
				ASSETCATALOG_COMPILER_LAUNCHIMAGE_NAME = LaunchImage;
				GCC_PRECOMPILE_PREFIX_HEADER = YES;
				GCC_PREFIX_HEADER = "Spring-2014-PerformancePainting/Spring-2014-PerformancePainting-Prefix.pch";
				INFOPLIST_FILE = "Spring-2014-PerformancePainting/Spring-2014-PerformancePainting-Info.plist";
				PRODUCT_NAME = "$(TARGET_NAME)";
				WRAPPER_EXTENSION = app;
			};
			name = Release;
		};
		37676725191732F30082857E /* Debug */ = {
			isa = XCBuildConfiguration;
			buildSettings = {
				BUNDLE_LOADER = "$(BUILT_PRODUCTS_DIR)/Spring-2014-PerformancePainting.app/Spring-2014-PerformancePainting";
				FRAMEWORK_SEARCH_PATHS = (
					"$(SDKROOT)/Developer/Library/Frameworks",
					"$(inherited)",
					"$(DEVELOPER_FRAMEWORKS_DIR)",
				);
				GCC_PRECOMPILE_PREFIX_HEADER = YES;
				GCC_PREFIX_HEADER = "Spring-2014-PerformancePainting/Spring-2014-PerformancePainting-Prefix.pch";
				GCC_PREPROCESSOR_DEFINITIONS = (
					"DEBUG=1",
					"$(inherited)",
				);
				INFOPLIST_FILE = "Spring-2014-PerformancePaintingTests/Spring-2014-PerformancePaintingTests-Info.plist";
				PRODUCT_NAME = "$(TARGET_NAME)";
				TEST_HOST = "$(BUNDLE_LOADER)";
				WRAPPER_EXTENSION = xctest;
			};
			name = Debug;
		};
		37676726191732F30082857E /* Release */ = {
			isa = XCBuildConfiguration;
			buildSettings = {
				BUNDLE_LOADER = "$(BUILT_PRODUCTS_DIR)/Spring-2014-PerformancePainting.app/Spring-2014-PerformancePainting";
				FRAMEWORK_SEARCH_PATHS = (
					"$(SDKROOT)/Developer/Library/Frameworks",
					"$(inherited)",
					"$(DEVELOPER_FRAMEWORKS_DIR)",
				);
				GCC_PRECOMPILE_PREFIX_HEADER = YES;
				GCC_PREFIX_HEADER = "Spring-2014-PerformancePainting/Spring-2014-PerformancePainting-Prefix.pch";
				INFOPLIST_FILE = "Spring-2014-PerformancePaintingTests/Spring-2014-PerformancePaintingTests-Info.plist";
				PRODUCT_NAME = "$(TARGET_NAME)";
				TEST_HOST = "$(BUNDLE_LOADER)";
				WRAPPER_EXTENSION = xctest;
			};
			name = Release;
		};
/* End XCBuildConfiguration section */

/* Begin XCConfigurationList section */
		376766E7191732F30082857E /* Build configuration list for PBXProject "Spring-2014-PerformancePainting" */ = {
			isa = XCConfigurationList;
			buildConfigurations = (
				3767671F191732F30082857E /* Debug */,
				37676720191732F30082857E /* Release */,
			);
			defaultConfigurationIsVisible = 0;
			defaultConfigurationName = Release;
		};
		37676721191732F30082857E /* Build configuration list for PBXNativeTarget "Spring-2014-PerformancePainting" */ = {
			isa = XCConfigurationList;
			buildConfigurations = (
				37676722191732F30082857E /* Debug */,
				37676723191732F30082857E /* Release */,
			);
			defaultConfigurationIsVisible = 0;
			defaultConfigurationName = Release;
		};
		37676724191732F30082857E /* Build configuration list for PBXNativeTarget "Spring-2014-PerformancePaintingTests" */ = {
			isa = XCConfigurationList;
			buildConfigurations = (
				37676725191732F30082857E /* Debug */,
				37676726191732F30082857E /* Release */,
			);
			defaultConfigurationIsVisible = 0;
			defaultConfigurationName = Release;
		};
/* End XCConfigurationList section */
	};
	rootObject = 376766E4191732F30082857E /* Project object */;
}
